
Microsoft Visual Studio Solution File, Format Version 12.00
# Visual Studio Version 16
VisualStudioVersion = 16.0.30517.126
MinimumVisualStudioVersion = 10.0.40219.1
Project("{888888A0-9F3D-457C-B088-3A5042F75D52}") = "miinaharava_ikkuna", "miinaharava_ikkuna.pyproj", "{12C5A643-83ED-4BC1-99B8-0AD4DBCD5EB6}"
EndProject
Global
	GlobalSection(SolutionConfigurationPlatforms) = preSolution
		Debug|Any CPU = Debug|Any CPU
		Release|Any CPU = Release|Any CPU
	EndGlobalSection
	GlobalSection(ProjectConfigurationPlatforms) = postSolution
		{12C5A643-83ED-4BC1-99B8-0AD4DBCD5EB6}.Debug|Any CPU.ActiveCfg = Debug|Any CPU
		{12C5A643-83ED-4BC1-99B8-0AD4DBCD5EB6}.Release|Any CPU.ActiveCfg = Release|Any CPU
	EndGlobalSection
	GlobalSection(SolutionProperties) = preSolution
		HideSolutionNode = FALSE
	EndGlobalSection
	GlobalSection(ExtensibilityGlobals) = postSolution
		SolutionGuid = {F0848E1E-9F82-49AD-B45F-79595F6DEC4A}
	EndGlobalSection
EndGlobal
